
Microsoft Visual Studio Solution File, Format Version 12.00
# Visual Studio Version 17
VisualStudioVersion = 17.5.002.0
MinimumVisualStudioVersion = 10.0.40219.1
Project("{9A19103F-16F7-4668-BE54-9A1E7A4F7556}") = "GameStore.Api", "GameStore.Api.csproj", "{609D5484-FC83-42E3-A6F9-F3B46CA6C0B5}"
EndProject
Global
	GlobalSection(SolutionConfigurationPlatforms) = preSolution
		Debug|Any CPU = Debug|Any CPU
		Release|Any CPU = Release|Any CPU
	EndGlobalSection
	GlobalSection(ProjectConfigurationPlatforms) = postSolution
		{609D5484-FC83-42E3-A6F9-F3B46CA6C0B5}.Debug|Any CPU.ActiveCfg = Debug|Any CPU
		{609D5484-FC83-42E3-A6F9-F3B46CA6C0B5}.Debug|Any CPU.Build.0 = Debug|Any CPU
		{609D5484-FC83-42E3-A6F9-F3B46CA6C0B5}.Release|Any CPU.ActiveCfg = Release|Any CPU
		{609D5484-FC83-42E3-A6F9-F3B46CA6C0B5}.Release|Any CPU.Build.0 = Release|Any CPU
	EndGlobalSection
	GlobalSection(SolutionProperties) = preSolution
		HideSolutionNode = FALSE
	EndGlobalSection
	GlobalSection(ExtensibilityGlobals) = postSolution
		SolutionGuid = {F61BCC8B-6581-4487-B5BF-7FCCE91BF55B}
	EndGlobalSection
EndGlobal
