
Microsoft Visual Studio Solution File, Format Version 12.00
# Visual Studio Version 17
VisualStudioVersion = 17.0.31903.59
MinimumVisualStudioVersion = 10.0.40219.1
Project("{FAE04EC0-301F-11D3-BF4B-00C04F79EFBC}") = "COM.ViVaKR.API", "COM.ViVaKR.API\COM.ViVaKR.API.csproj", "{DE866A90-220E-4AE8-BCBA-DF74400D013D}"
EndProject
Project("{FAE04EC0-301F-11D3-BF4B-00C04F79EFBC}") = "GameStore.Api", "GameStore.Api\GameStore.Api.csproj", "{080C70CE-6B49-47DA-9542-B62EB66C2C40}"
EndProject
Project("{FAE04EC0-301F-11D3-BF4B-00C04F79EFBC}") = "ViVaBM.API", "ViVaBM.API\ViVaBM.API.csproj", "{64EA72D0-E90E-4DCF-A8B5-F96B37E972EF}"
EndProject
Project("{FAE04EC0-301F-11D3-BF4B-00C04F79EFBC}") = "TodoApi", "TodoApi\TodoApi.csproj", "{6BF162D5-7D73-4A05-983D-F8AEEA0E5D26}"
EndProject
Global
	GlobalSection(SolutionConfigurationPlatforms) = preSolution
		Debug|Any CPU = Debug|Any CPU
		Debug|x64 = Debug|x64
		Debug|x86 = Debug|x86
		Release|Any CPU = Release|Any CPU
		Release|x64 = Release|x64
		Release|x86 = Release|x86
	EndGlobalSection
	GlobalSection(ProjectConfigurationPlatforms) = postSolution
		{DE866A90-220E-4AE8-BCBA-DF74400D013D}.Debug|Any CPU.ActiveCfg = Debug|Any CPU
		{DE866A90-220E-4AE8-BCBA-DF74400D013D}.Debug|Any CPU.Build.0 = Debug|Any CPU
		{DE866A90-220E-4AE8-BCBA-DF74400D013D}.Debug|x64.ActiveCfg = Debug|Any CPU
		{DE866A90-220E-4AE8-BCBA-DF74400D013D}.Debug|x64.Build.0 = Debug|Any CPU
		{DE866A90-220E-4AE8-BCBA-DF74400D013D}.Debug|x86.ActiveCfg = Debug|Any CPU
		{DE866A90-220E-4AE8-BCBA-DF74400D013D}.Debug|x86.Build.0 = Debug|Any CPU
		{DE866A90-220E-4AE8-BCBA-DF74400D013D}.Release|Any CPU.ActiveCfg = Release|Any CPU
		{DE866A90-220E-4AE8-BCBA-DF74400D013D}.Release|Any CPU.Build.0 = Release|Any CPU
		{DE866A90-220E-4AE8-BCBA-DF74400D013D}.Release|x64.ActiveCfg = Release|Any CPU
		{DE866A90-220E-4AE8-BCBA-DF74400D013D}.Release|x64.Build.0 = Release|Any CPU
		{DE866A90-220E-4AE8-BCBA-DF74400D013D}.Release|x86.ActiveCfg = Release|Any CPU
		{DE866A90-220E-4AE8-BCBA-DF74400D013D}.Release|x86.Build.0 = Release|Any CPU
		{080C70CE-6B49-47DA-9542-B62EB66C2C40}.Debug|Any CPU.ActiveCfg = Debug|Any CPU
		{080C70CE-6B49-47DA-9542-B62EB66C2C40}.Debug|Any CPU.Build.0 = Debug|Any CPU
		{080C70CE-6B49-47DA-9542-B62EB66C2C40}.Debug|x64.ActiveCfg = Debug|Any CPU
		{080C70CE-6B49-47DA-9542-B62EB66C2C40}.Debug|x64.Build.0 = Debug|Any CPU
		{080C70CE-6B49-47DA-9542-B62EB66C2C40}.Debug|x86.ActiveCfg = Debug|Any CPU
		{080C70CE-6B49-47DA-9542-B62EB66C2C40}.Debug|x86.Build.0 = Debug|Any CPU
		{080C70CE-6B49-47DA-9542-B62EB66C2C40}.Release|Any CPU.ActiveCfg = Release|Any CPU
		{080C70CE-6B49-47DA-9542-B62EB66C2C40}.Release|Any CPU.Build.0 = Release|Any CPU
		{080C70CE-6B49-47DA-9542-B62EB66C2C40}.Release|x64.ActiveCfg = Release|Any CPU
		{080C70CE-6B49-47DA-9542-B62EB66C2C40}.Release|x64.Build.0 = Release|Any CPU
		{080C70CE-6B49-47DA-9542-B62EB66C2C40}.Release|x86.ActiveCfg = Release|Any CPU
		{080C70CE-6B49-47DA-9542-B62EB66C2C40}.Release|x86.Build.0 = Release|Any CPU
		{64EA72D0-E90E-4DCF-A8B5-F96B37E972EF}.Debug|Any CPU.ActiveCfg = Debug|Any CPU
		{64EA72D0-E90E-4DCF-A8B5-F96B37E972EF}.Debug|Any CPU.Build.0 = Debug|Any CPU
		{64EA72D0-E90E-4DCF-A8B5-F96B37E972EF}.Debug|x64.ActiveCfg = Debug|Any CPU
		{64EA72D0-E90E-4DCF-A8B5-F96B37E972EF}.Debug|x64.Build.0 = Debug|Any CPU
		{64EA72D0-E90E-4DCF-A8B5-F96B37E972EF}.Debug|x86.ActiveCfg = Debug|Any CPU
		{64EA72D0-E90E-4DCF-A8B5-F96B37E972EF}.Debug|x86.Build.0 = Debug|Any CPU
		{64EA72D0-E90E-4DCF-A8B5-F96B37E972EF}.Release|Any CPU.ActiveCfg = Release|Any CPU
		{64EA72D0-E90E-4DCF-A8B5-F96B37E972EF}.Release|Any CPU.Build.0 = Release|Any CPU
		{64EA72D0-E90E-4DCF-A8B5-F96B37E972EF}.Release|x64.ActiveCfg = Release|Any CPU
		{64EA72D0-E90E-4DCF-A8B5-F96B37E972EF}.Release|x64.Build.0 = Release|Any CPU
		{64EA72D0-E90E-4DCF-A8B5-F96B37E972EF}.Release|x86.ActiveCfg = Release|Any CPU
		{64EA72D0-E90E-4DCF-A8B5-F96B37E972EF}.Release|x86.Build.0 = Release|Any CPU
		{6BF162D5-7D73-4A05-983D-F8AEEA0E5D26}.Debug|Any CPU.ActiveCfg = Debug|Any CPU
		{6BF162D5-7D73-4A05-983D-F8AEEA0E5D26}.Debug|Any CPU.Build.0 = Debug|Any CPU
		{6BF162D5-7D73-4A05-983D-F8AEEA0E5D26}.Debug|x64.ActiveCfg = Debug|Any CPU
		{6BF162D5-7D73-4A05-983D-F8AEEA0E5D26}.Debug|x64.Build.0 = Debug|Any CPU
		{6BF162D5-7D73-4A05-983D-F8AEEA0E5D26}.Debug|x86.ActiveCfg = Debug|Any CPU
		{6BF162D5-7D73-4A05-983D-F8AEEA0E5D26}.Debug|x86.Build.0 = Debug|Any CPU
		{6BF162D5-7D73-4A05-983D-F8AEEA0E5D26}.Release|Any CPU.ActiveCfg = Release|Any CPU
		{6BF162D5-7D73-4A05-983D-F8AEEA0E5D26}.Release|Any CPU.Build.0 = Release|Any CPU
		{6BF162D5-7D73-4A05-983D-F8AEEA0E5D26}.Release|x64.ActiveCfg = Release|Any CPU
		{6BF162D5-7D73-4A05-983D-F8AEEA0E5D26}.Release|x64.Build.0 = Release|Any CPU
		{6BF162D5-7D73-4A05-983D-F8AEEA0E5D26}.Release|x86.ActiveCfg = Release|Any CPU
		{6BF162D5-7D73-4A05-983D-F8AEEA0E5D26}.Release|x86.Build.0 = Release|Any CPU
	EndGlobalSection
	GlobalSection(SolutionProperties) = preSolution
		HideSolutionNode = FALSE
	EndGlobalSection
EndGlobal
